
Microsoft Visual Studio Solution File, Format Version 12.00
# Visual Studio Version 16
VisualStudioVersion = 16.0.31702.278
MinimumVisualStudioVersion = 10.0.40219.1
Project("{FAE04EC0-301F-11D3-BF4B-00C04F79EFBC}") = "Uppgift_KostandsFord", "Uppgift - KostandsFordelninng\Uppgift_KostandsFord.csproj", "{B45E1F02-E77B-4F78-9383-A67DB85824B3}"
EndProject
Global
	GlobalSection(SolutionConfigurationPlatforms) = preSolution
		Debug|Any CPU = Debug|Any CPU
		Release|Any CPU = Release|Any CPU
	EndGlobalSection
	GlobalSection(ProjectConfigurationPlatforms) = postSolution
		{B45E1F02-E77B-4F78-9383-A67DB85824B3}.Debug|Any CPU.ActiveCfg = Debug|Any CPU
		{B45E1F02-E77B-4F78-9383-A67DB85824B3}.Debug|Any CPU.Build.0 = Debug|Any CPU
		{B45E1F02-E77B-4F78-9383-A67DB85824B3}.Release|Any CPU.ActiveCfg = Release|Any CPU
		{B45E1F02-E77B-4F78-9383-A67DB85824B3}.Release|Any CPU.Build.0 = Release|Any CPU
	EndGlobalSection
	GlobalSection(SolutionProperties) = preSolution
		HideSolutionNode = FALSE
	EndGlobalSection
	GlobalSection(ExtensibilityGlobals) = postSolution
		SolutionGuid = {B1491210-BDC5-4E0F-9B2C-AF449A2E9887}
	EndGlobalSection
EndGlobal
